
Microsoft Visual Studio Solution File, Format Version 12.00
# Visual Studio Version 17
VisualStudioVersion = 17.3.32901.215
MinimumVisualStudioVersion = 10.0.40219.1
Project("{FAE04EC0-301F-11D3-BF4B-00C04F79EFBC}") = "for döngusu 3 _1681", "for döngusu 3 _1681\for döngusu 3 _1681.csproj", "{0CCB6F8B-B503-49A6-BB23-537CE351CE06}"
EndProject
Global
	GlobalSection(SolutionConfigurationPlatforms) = preSolution
		Debug|Any CPU = Debug|Any CPU
		Release|Any CPU = Release|Any CPU
	EndGlobalSection
	GlobalSection(ProjectConfigurationPlatforms) = postSolution
		{0CCB6F8B-B503-49A6-BB23-537CE351CE06}.Debug|Any CPU.ActiveCfg = Debug|Any CPU
		{0CCB6F8B-B503-49A6-BB23-537CE351CE06}.Debug|Any CPU.Build.0 = Debug|Any CPU
		{0CCB6F8B-B503-49A6-BB23-537CE351CE06}.Release|Any CPU.ActiveCfg = Release|Any CPU
		{0CCB6F8B-B503-49A6-BB23-537CE351CE06}.Release|Any CPU.Build.0 = Release|Any CPU
	EndGlobalSection
	GlobalSection(SolutionProperties) = preSolution
		HideSolutionNode = FALSE
	EndGlobalSection
	GlobalSection(ExtensibilityGlobals) = postSolution
		SolutionGuid = {866A0967-CC48-4B6A-AEDE-F5824BB1A0C5}
	EndGlobalSection
EndGlobal
